
Microsoft Visual Studio Solution File, Format Version 12.00
# Visual Studio Version 17
VisualStudioVersion = 17.5.002.0
MinimumVisualStudioVersion = 10.0.40219.1
Project("{2150E333-8FDC-42A3-9474-1A3956D46DE8}") = "src", "src", "{00A10998-7C1B-4E7E-9E5F-6A8F12206E00}"
EndProject
Project("{2150E333-8FDC-42A3-9474-1A3956D46DE8}") = "EventHandlers", "EventHandlers", "{FE9DDA2A-D0B0-4824-BA3A-278660E6B560}"
EndProject
Project("{9A19103F-16F7-4668-BE54-9A1E7A4F7556}") = "Infra.EventHandler", "src\EventHandlers\Infra.EventHandler\Infra.EventHandler.csproj", "{2582278A-E131-426F-9120-F8B3B5234C30}"
EndProject
Project("{2150E333-8FDC-42A3-9474-1A3956D46DE8}") = "Microservice.Command", "Microservice.Command", "{4F9D5A7A-2813-4D44-AFB9-52D9FB6A7987}"
EndProject
Project("{9A19103F-16F7-4668-BE54-9A1E7A4F7556}") = "Infra.Data.Command", "src\Microservice.Command\Infra.Data.Command\Infra.Data.Command.csproj", "{41BA23E0-EE23-4CE7-8200-C304F5CE4F47}"
EndProject
Project("{2150E333-8FDC-42A3-9474-1A3956D46DE8}") = "Microservice.Query", "Microservice.Query", "{15371609-56FF-45CB-A278-77DE3BA59B89}"
EndProject
Project("{9A19103F-16F7-4668-BE54-9A1E7A4F7556}") = "Infra.Data.Query", "src\Microservice.Query\Infra.Data.Query\Infra.Data.Query.csproj", "{99EDB39E-06D9-418D-BCC4-6C697622416E}"
EndProject
Global
	GlobalSection(SolutionConfigurationPlatforms) = preSolution
		Debug|Any CPU = Debug|Any CPU
		Release|Any CPU = Release|Any CPU
	EndGlobalSection
	GlobalSection(ProjectConfigurationPlatforms) = postSolution
		{2582278A-E131-426F-9120-F8B3B5234C30}.Debug|Any CPU.ActiveCfg = Debug|Any CPU
		{2582278A-E131-426F-9120-F8B3B5234C30}.Debug|Any CPU.Build.0 = Debug|Any CPU
		{2582278A-E131-426F-9120-F8B3B5234C30}.Release|Any CPU.ActiveCfg = Release|Any CPU
		{2582278A-E131-426F-9120-F8B3B5234C30}.Release|Any CPU.Build.0 = Release|Any CPU
		{41BA23E0-EE23-4CE7-8200-C304F5CE4F47}.Debug|Any CPU.ActiveCfg = Debug|Any CPU
		{41BA23E0-EE23-4CE7-8200-C304F5CE4F47}.Debug|Any CPU.Build.0 = Debug|Any CPU
		{41BA23E0-EE23-4CE7-8200-C304F5CE4F47}.Release|Any CPU.ActiveCfg = Release|Any CPU
		{41BA23E0-EE23-4CE7-8200-C304F5CE4F47}.Release|Any CPU.Build.0 = Release|Any CPU
		{99EDB39E-06D9-418D-BCC4-6C697622416E}.Debug|Any CPU.ActiveCfg = Debug|Any CPU
		{99EDB39E-06D9-418D-BCC4-6C697622416E}.Debug|Any CPU.Build.0 = Debug|Any CPU
		{99EDB39E-06D9-418D-BCC4-6C697622416E}.Release|Any CPU.ActiveCfg = Release|Any CPU
		{99EDB39E-06D9-418D-BCC4-6C697622416E}.Release|Any CPU.Build.0 = Release|Any CPU
	EndGlobalSection
	GlobalSection(SolutionProperties) = preSolution
		HideSolutionNode = FALSE
	EndGlobalSection
	GlobalSection(NestedProjects) = preSolution
		{FE9DDA2A-D0B0-4824-BA3A-278660E6B560} = {00A10998-7C1B-4E7E-9E5F-6A8F12206E00}
		{2582278A-E131-426F-9120-F8B3B5234C30} = {FE9DDA2A-D0B0-4824-BA3A-278660E6B560}
		{4F9D5A7A-2813-4D44-AFB9-52D9FB6A7987} = {00A10998-7C1B-4E7E-9E5F-6A8F12206E00}
		{41BA23E0-EE23-4CE7-8200-C304F5CE4F47} = {4F9D5A7A-2813-4D44-AFB9-52D9FB6A7987}
		{15371609-56FF-45CB-A278-77DE3BA59B89} = {00A10998-7C1B-4E7E-9E5F-6A8F12206E00}
		{99EDB39E-06D9-418D-BCC4-6C697622416E} = {15371609-56FF-45CB-A278-77DE3BA59B89}
	EndGlobalSection
	GlobalSection(ExtensibilityGlobals) = postSolution
		SolutionGuid = {515B8BCB-95E3-4AB3-9E4B-6881F6C55106}
	EndGlobalSection
EndGlobal
